// !$*UTF8*$!
{
	archiveVersion = 1;
	classes = {
	};
	objectVersion = 46;
	objects = {

/* Begin PBXBuildFile section */
		B10BFDA315CDBF7A0070FA11 /* Track.m in Sources */ = {isa = PBXBuildFile; fileRef = B10BFDA215CDBF790070FA11 /* Track.m */; };
		B10BFDA715CDBF7A0070FA11 /* Segment.m in Sources */ = {isa = PBXBuildFile; fileRef = B10BFDA615CDBF7A0070FA11 /* Segment.m */; };
		B10BFDAA15CDBF7A0070FA11 /* Waypoint.m in Sources */ = {isa = PBXBuildFile; fileRef = B10BFDA915CDBF7A0070FA11 /* Waypoint.m */; };
		B10BFDB315CDC04C0070FA11 /* Activity+Create.m in Sources */ = {isa = PBXBuildFile; fileRef = B10BFDB215CDC04C0070FA11 /* Activity+Create.m */; };
		B10BFDB615CE91B70070FA11 /* NSURL+FileHelper.m in Sources */ = {isa = PBXBuildFile; fileRef = B10BFDB515CE91B70070FA11 /* NSURL+FileHelper.m */; };
		B10BFDBC15CE9C250070FA11 /* Route.m in Sources */ = {isa = PBXBuildFile; fileRef = B10BFDBB15CE9C240070FA11 /* Route.m */; };
		B10BFDBF15CECBA40070FA11 /* SegmentedTrackViewController.m in Sources */ = {isa = PBXBuildFile; fileRef = B10BFDBE15CECBA40070FA11 /* SegmentedTrackViewController.m */; };
		B10BFDC215CECF100070FA11 /* ActivityTableViewController.m in Sources */ = {isa = PBXBuildFile; fileRef = B10BFDC115CECF0F0070FA11 /* ActivityTableViewController.m */; };
		B10BFDC515CECF300070FA11 /* RouteTableViewController.m in Sources */ = {isa = PBXBuildFile; fileRef = B10BFDC415CECF2E0070FA11 /* RouteTableViewController.m */; };
		B12D4BBF15B1CCA6001490B3 /* UIKit.framework in Frameworks */ = {isa = PBXBuildFile; fileRef = B12D4BBE15B1CCA6001490B3 /* UIKit.framework */; };
		B12D4BC115B1CCA6001490B3 /* Foundation.framework in Frameworks */ = {isa = PBXBuildFile; fileRef = B12D4BC015B1CCA6001490B3 /* Foundation.framework */; };
		B12D4BC315B1CCA6001490B3 /* CoreGraphics.framework in Frameworks */ = {isa = PBXBuildFile; fileRef = B12D4BC215B1CCA6001490B3 /* CoreGraphics.framework */; };
		B12D4BC915B1CCA6001490B3 /* InfoPlist.strings in Resources */ = {isa = PBXBuildFile; fileRef = B12D4BC715B1CCA6001490B3 /* InfoPlist.strings */; };
		B12D4BCB15B1CCA6001490B3 /* main.m in Sources */ = {isa = PBXBuildFile; fileRef = B12D4BCA15B1CCA6001490B3 /* main.m */; };
		B12D4BCF15B1CCA6001490B3 /* AppDelegate.m in Sources */ = {isa = PBXBuildFile; fileRef = B12D4BCE15B1CCA6001490B3 /* AppDelegate.m */; };
		B12D4BD215B1CCA6001490B3 /* iPhone.storyboard in Resources */ = {isa = PBXBuildFile; fileRef = B12D4BD015B1CCA6001490B3 /* iPhone.storyboard */; };
		B12D4BD515B1CCA6001490B3 /* MainStoryboard_iPad.storyboard in Resources */ = {isa = PBXBuildFile; fileRef = B12D4BD315B1CCA6001490B3 /* MainStoryboard_iPad.storyboard */; };
		B12D4BD815B1CCA6001490B3 /* RecordViewController.m in Sources */ = {isa = PBXBuildFile; fileRef = B12D4BD715B1CCA6001490B3 /* RecordViewController.m */; };
		B12D4BDA15B1CCA6001490B3 /* first.png in Resources */ = {isa = PBXBuildFile; fileRef = B12D4BD915B1CCA6001490B3 /* first.png */; };
		B12D4BDC15B1CCA6001490B3 /* first@2x.png in Resources */ = {isa = PBXBuildFile; fileRef = B12D4BDB15B1CCA6001490B3 /* first@2x.png */; };
		B12D4BDF15B1CCA6001490B3 /* RawDataViewController.m in Sources */ = {isa = PBXBuildFile; fileRef = B12D4BDE15B1CCA6001490B3 /* RawDataViewController.m */; };
		B12D4BE115B1CCA6001490B3 /* second.png in Resources */ = {isa = PBXBuildFile; fileRef = B12D4BE015B1CCA6001490B3 /* second.png */; };
		B12D4BE315B1CCA6001490B3 /* second@2x.png in Resources */ = {isa = PBXBuildFile; fileRef = B12D4BE215B1CCA6001490B3 /* second@2x.png */; };
		B12D4BEB15B1CDC2001490B3 /* CoreLocation.framework in Frameworks */ = {isa = PBXBuildFile; fileRef = B12D4BEA15B1CDC1001490B3 /* CoreLocation.framework */; };
		B12D4BED15B1CDC7001490B3 /* MapKit.framework in Frameworks */ = {isa = PBXBuildFile; fileRef = B12D4BEC15B1CDC7001490B3 /* MapKit.framework */; };
		B13BCC3A160E3B7A001E7486 /* WildcardGestureRecognizer.m in Sources */ = {isa = PBXBuildFile; fileRef = B13BCC39160E3B7A001E7486 /* WildcardGestureRecognizer.m */; };
		B164D56615B74F110061E562 /* QuartzCore.framework in Frameworks */ = {isa = PBXBuildFile; fileRef = B164D56515B74F110061E562 /* QuartzCore.framework */; };
		B16A047215B20FC1005B372D /* Localizable.strings in Resources */ = {isa = PBXBuildFile; fileRef = B16A046F15B20FC1005B372D /* Localizable.strings */; };
		B16A047715B21CA3005B372D /* ExternalAccessory.framework in Frameworks */ = {isa = PBXBuildFile; fileRef = B16A047615B21CA3005B372D /* ExternalAccessory.framework */; };
		B16A047915B21CAA005B372D /* CoreBluetooth.framework in Frameworks */ = {isa = PBXBuildFile; fileRef = B16A047815B21CAA005B372D /* CoreBluetooth.framework */; };
		B16A048115B2B7FD005B372D /* TrackingManager.m in Sources */ = {isa = PBXBuildFile; fileRef = B16A048015B2B7FC005B372D /* TrackingManager.m */; };
		B16A048C15B2FB30005B372D /* CLLocation+Strings.m in Sources */ = {isa = PBXBuildFile; fileRef = B16A048B15B2FB30005B372D /* CLLocation+Strings.m */; };
		B16A049715B32101005B372D /* NSDate+Strings.m in Sources */ = {isa = PBXBuildFile; fileRef = B16A049615B32100005B372D /* NSDate+Strings.m */; };
		B16A049B15B343F6005B372D /* MapViewController.m in Sources */ = {isa = PBXBuildFile; fileRef = B16A049A15B343F6005B372D /* MapViewController.m */; };
		B16A04A215B34639005B372D /* WaypointAnnotation.m in Sources */ = {isa = PBXBuildFile; fileRef = B16A04A115B34639005B372D /* WaypointAnnotation.m */; };
		B16A04A615B36311005B372D /* TrackOverlayView.m in Sources */ = {isa = PBXBuildFile; fileRef = B16A04A515B36311005B372D /* TrackOverlayView.m */; };
		B174D6831617AA480098B433 /* userLocation.png in Resources */ = {isa = PBXBuildFile; fileRef = B174D6811617AA480098B433 /* userLocation.png */; };
		B174D6841617AA480098B433 /* userLocation@2x.png in Resources */ = {isa = PBXBuildFile; fileRef = B174D6821617AA480098B433 /* userLocation@2x.png */; };
		B17D39D915BDD86800F28FA8 /* TrackTableViewController.m in Sources */ = {isa = PBXBuildFile; fileRef = B17D39D815BDD86800F28FA8 /* TrackTableViewController.m */; };
		B17D39E115BDDAF900F28FA8 /* CoreDataTableViewController.m in Sources */ = {isa = PBXBuildFile; fileRef = B17D39DF15BDDAF900F28FA8 /* CoreDataTableViewController.m */; };
		B17D39E415BDDD6A00F28FA8 /* Track+Create.m in Sources */ = {isa = PBXBuildFile; fileRef = B17D39E315BDDD6A00F28FA8 /* Track+Create.m */; };
		B17D39EA15BDE83500F28FA8 /* TrackViewController.m in Sources */ = {isa = PBXBuildFile; fileRef = B17D39E915BDE83500F28FA8 /* TrackViewController.m */; };
		B17D39ED15BDECE300F28FA8 /* Track+Data.m in Sources */ = {isa = PBXBuildFile; fileRef = B17D39EC15BDECE300F28FA8 /* Track+Data.m */; };
		B187CEE01607AF33008F6236 /* Default-568h@2x.png in Resources */ = {isa = PBXBuildFile; fileRef = B187CEDF1607AF33008F6236 /* Default-568h@2x.png */; };
		B1904FFA15FD2D5E00B225E2 /* libRestKit.a in Frameworks */ = {isa = PBXBuildFile; fileRef = B1904FEE15FD25CE00B225E2 /* libRestKit.a */; };
		B1904FFC15FD2D8400B225E2 /* CFNetwork.framework in Frameworks */ = {isa = PBXBuildFile; fileRef = B1904FFB15FD2D8400B225E2 /* CFNetwork.framework */; };
		B1904FFE15FD2D9400B225E2 /* MobileCoreServices.framework in Frameworks */ = {isa = PBXBuildFile; fileRef = B1904FFD15FD2D9400B225E2 /* MobileCoreServices.framework */; };
		B190500015FD2D9C00B225E2 /* Security.framework in Frameworks */ = {isa = PBXBuildFile; fileRef = B1904FFF15FD2D9C00B225E2 /* Security.framework */; };
		B190500215FD2DA700B225E2 /* SystemConfiguration.framework in Frameworks */ = {isa = PBXBuildFile; fileRef = B190500115FD2DA700B225E2 /* SystemConfiguration.framework */; };
		B190500415FD2DBB00B225E2 /* libxml2.dylib in Frameworks */ = {isa = PBXBuildFile; fileRef = B190500315FD2DBB00B225E2 /* libxml2.dylib */; };
		B1976E4815C9B1E7008BCDCF /* GoogleStaticMapsFetcher.m in Sources */ = {isa = PBXBuildFile; fileRef = B1976E4715C9B1E7008BCDCF /* GoogleStaticMapsFetcher.m */; };
		B1976E6615C9CB8D008BCDCF /* mapThumbnail.png in Resources */ = {isa = PBXBuildFile; fileRef = B1976E6415C9CB8D008BCDCF /* mapThumbnail.png */; };
		B1976E6715C9CB8D008BCDCF /* mapThumbnail@2x.png in Resources */ = {isa = PBXBuildFile; fileRef = B1976E6515C9CB8D008BCDCF /* mapThumbnail@2x.png */; };
		B1976E6A15CC201C008BCDCF /* FileHelper.m in Sources */ = {isa = PBXBuildFile; fileRef = B1976E6915CC201B008BCDCF /* FileHelper.m */; };
		B1A0225715CD4EC80054C2D7 /* GPXParser.m in Sources */ = {isa = PBXBuildFile; fileRef = B1A0225615CD4EC80054C2D7 /* GPXParser.m */; };
		B1A0225D15CD65500054C2D7 /* Cyclemeter-Cycle-20120701-0953.gpx in Resources */ = {isa = PBXBuildFile; fileRef = B1A0225C15CD65500054C2D7 /* Cyclemeter-Cycle-20120701-0953.gpx */; };
		B1A59B01160F6165000FFD92 /* Segment+Data.m in Sources */ = {isa = PBXBuildFile; fileRef = B1A59B00160F6165000FFD92 /* Segment+Data.m */; };
		B1A59B04160F6E22000FFD92 /* MultiPolyline.m in Sources */ = {isa = PBXBuildFile; fileRef = B1A59B03160F6E22000FFD92 /* MultiPolyline.m */; };
		B1A59B27160FA152000FFD92 /* libz.dylib in Frameworks */ = {isa = PBXBuildFile; fileRef = B1A59B26160FA152000FFD92 /* libz.dylib */; };
		B1A59B29160FA2D3000FFD92 /* libTBXML-iOS.a in Frameworks */ = {isa = PBXBuildFile; fileRef = B1A59B1F160F9BFA000FFD92 /* libTBXML-iOS.a */; };
		B1B4DBDF1617715800579B90 /* UserLocationAnnotation.m in Sources */ = {isa = PBXBuildFile; fileRef = B1B4DBDE1617715800579B90 /* UserLocationAnnotation.m */; };
		B1CDFB3415C5B90200D5D3B7 /* Waypoint+Strings.m in Sources */ = {isa = PBXBuildFile; fileRef = B1CDFB3315C5B90200D5D3B7 /* Waypoint+Strings.m */; };
		B1E5A46D160909C9003443C3 /* Activity.m in Sources */ = {isa = PBXBuildFile; fileRef = B1E5A46C160909C9003443C3 /* Activity.m */; };
		B1E9298315D7B74000CF1574 /* gpxFile.png in Resources */ = {isa = PBXBuildFile; fileRef = B1E9298115D7B73F00CF1574 /* gpxFile.png */; };
		B1E9298415D7B74000CF1574 /* gpxFile@2x.png in Resources */ = {isa = PBXBuildFile; fileRef = B1E9298215D7B74000CF1574 /* gpxFile@2x.png */; };
		B1E9298715D7B87D00CF1574 /* ImportViewController.m in Sources */ = {isa = PBXBuildFile; fileRef = B1E9298615D7B87D00CF1574 /* ImportViewController.m */; };
		B1E9298A15D7C31500CF1574 /* TabBarController.m in Sources */ = {isa = PBXBuildFile; fileRef = B1E9298915D7C31400CF1574 /* TabBarController.m */; };
		B1FB1B0D15BC0F3600B51E16 /* Model.xcdatamodeld in Sources */ = {isa = PBXBuildFile; fileRef = B1FB1B0B15BC0F3600B51E16 /* Model.xcdatamodeld */; };
		B1FB1B1015BC0F7700B51E16 /* CoreData.framework in Frameworks */ = {isa = PBXBuildFile; fileRef = B1FB1B0F15BC0F7700B51E16 /* CoreData.framework */; };
		B1FB1B7415BC66D300B51E16 /* Waypoint+Create.m in Sources */ = {isa = PBXBuildFile; fileRef = B1FB1B7315BC66D300B51E16 /* Waypoint+Create.m */; };
		B1FB1B7715BC680800B51E16 /* Segment+Create.m in Sources */ = {isa = PBXBuildFile; fileRef = B1FB1B7615BC680800B51E16 /* Segment+Create.m */; };
/* End PBXBuildFile section */

/* Begin PBXContainerItemProxy section */
		B1904FED15FD25CE00B225E2 /* PBXContainerItemProxy */ = {
			isa = PBXContainerItemProxy;
			containerPortal = B1904FE215FD25CE00B225E2 /* RestKit.xcodeproj */;
			proxyType = 2;
			remoteGlobalIDString = 25160D1614564E810060A5C5;
			remoteInfo = RestKit;
		};
		B1904FEF15FD25CE00B225E2 /* PBXContainerItemProxy */ = {
			isa = PBXContainerItemProxy;
			containerPortal = B1904FE215FD25CE00B225E2 /* RestKit.xcodeproj */;
			proxyType = 2;
			remoteGlobalIDString = 25160D2614564E820060A5C5;
			remoteInfo = RestKitTests;
		};
		B1904FF115FD25CE00B225E2 /* PBXContainerItemProxy */ = {
			isa = PBXContainerItemProxy;
			containerPortal = B1904FE215FD25CE00B225E2 /* RestKit.xcodeproj */;
			proxyType = 2;
			remoteGlobalIDString = 25160E62145651060060A5C5;
			remoteInfo = RestKitFramework;
		};
		B1904FF315FD25CE00B225E2 /* PBXContainerItemProxy */ = {
			isa = PBXContainerItemProxy;
			containerPortal = B1904FE215FD25CE00B225E2 /* RestKit.xcodeproj */;
			proxyType = 2;
			remoteGlobalIDString = 25160E78145651060060A5C5;
			remoteInfo = RestKitFrameworkTests;
		};
		B1904FF515FD25CE00B225E2 /* PBXContainerItemProxy */ = {
			isa = PBXContainerItemProxy;
			containerPortal = B1904FE215FD25CE00B225E2 /* RestKit.xcodeproj */;
			proxyType = 2;
			remoteGlobalIDString = 259C301615128079003066A2;
			remoteInfo = RestKitResources;
		};
		B1904FF815FD2D2500B225E2 /* PBXContainerItemProxy */ = {
			isa = PBXContainerItemProxy;
			containerPortal = B1904FE215FD25CE00B225E2 /* RestKit.xcodeproj */;
			proxyType = 1;
			remoteGlobalIDString = 25160D1514564E810060A5C5;
			remoteInfo = RestKit;
		};
		B1A59B1A160F9BFA000FFD92 /* PBXContainerItemProxy */ = {
			isa = PBXContainerItemProxy;
			containerPortal = B1A59B10160F9BF9000FFD92 /* TBXML.xcodeproj */;
			proxyType = 2;
			remoteGlobalIDString = 829FA09C14D5B52A00D18697;
			remoteInfo = TBXML;
		};
		B1A59B1C160F9BFA000FFD92 /* PBXContainerItemProxy */ = {
			isa = PBXContainerItemProxy;
			containerPortal = B1A59B10160F9BF9000FFD92 /* TBXML.xcodeproj */;
			proxyType = 2;
			remoteGlobalIDString = 829FA0B014D5B52A00D18697;
			remoteInfo = TBXMLTests;
		};
		B1A59B1E160F9BFA000FFD92 /* PBXContainerItemProxy */ = {
			isa = PBXContainerItemProxy;
			containerPortal = B1A59B10160F9BF9000FFD92 /* TBXML.xcodeproj */;
			proxyType = 2;
			remoteGlobalIDString = 8290352514D9F5B200ACF7E4;
			remoteInfo = "TBXML-iOS";
		};
		B1A59B20160F9BFA000FFD92 /* PBXContainerItemProxy */ = {
			isa = PBXContainerItemProxy;
			containerPortal = B1A59B10160F9BF9000FFD92 /* TBXML.xcodeproj */;
			proxyType = 2;
			remoteGlobalIDString = 8290353314D9F5B200ACF7E4;
			remoteInfo = "TBXML-iOSTests";
		};
		B1A59B22160FA041000FFD92 /* PBXContainerItemProxy */ = {
			isa = PBXContainerItemProxy;
			containerPortal = B1A59B10160F9BF9000FFD92 /* TBXML.xcodeproj */;
			proxyType = 1;
			remoteGlobalIDString = 8290352414D9F5B200ACF7E4;
			remoteInfo = "TBXML-iOS";
		};
/* End PBXContainerItemProxy section */

/* Begin PBXFileReference section */
		B10BFDA115CDBF790070FA11 /* Track.h */ = {isa = PBXFileReference; fileEncoding = 4; lastKnownFileType = sourcecode.c.h; path = Track.h; sourceTree = "<group>"; };
		B10BFDA215CDBF790070FA11 /* Track.m */ = {isa = PBXFileReference; fileEncoding = 4; lastKnownFileType = sourcecode.c.objc; path = Track.m; sourceTree = "<group>"; };
		B10BFDA515CDBF7A0070FA11 /* Segment.h */ = {isa = PBXFileReference; fileEncoding = 4; lastKnownFileType = sourcecode.c.h; path = Segment.h; sourceTree = "<group>"; };
		B10BFDA615CDBF7A0070FA11 /* Segment.m */ = {isa = PBXFileReference; fileEncoding = 4; lastKnownFileType = sourcecode.c.objc; path = Segment.m; sourceTree = "<group>"; };
		B10BFDA815CDBF7A0070FA11 /* Waypoint.h */ = {isa = PBXFileReference; fileEncoding = 4; lastKnownFileType = sourcecode.c.h; path = Waypoint.h; sourceTree = "<group>"; };
		B10BFDA915CDBF7A0070FA11 /* Waypoint.m */ = {isa = PBXFileReference; fileEncoding = 4; lastKnownFileType = sourcecode.c.objc; path = Waypoint.m; sourceTree = "<group>"; };
		B10BFDB115CDC04C0070FA11 /* Activity+Create.h */ = {isa = PBXFileReference; fileEncoding = 4; lastKnownFileType = sourcecode.c.h; path = "Activity+Create.h"; sourceTree = "<group>"; };
		B10BFDB215CDC04C0070FA11 /* Activity+Create.m */ = {isa = PBXFileReference; fileEncoding = 4; lastKnownFileType = sourcecode.c.objc; path = "Activity+Create.m"; sourceTree = "<group>"; };
		B10BFDB415CE91B70070FA11 /* NSURL+FileHelper.h */ = {isa = PBXFileReference; fileEncoding = 4; lastKnownFileType = sourcecode.c.h; path = "NSURL+FileHelper.h"; sourceTree = "<group>"; };
		B10BFDB515CE91B70070FA11 /* NSURL+FileHelper.m */ = {isa = PBXFileReference; fileEncoding = 4; lastKnownFileType = sourcecode.c.objc; path = "NSURL+FileHelper.m"; sourceTree = "<group>"; };
		B10BFDBA15CE9C230070FA11 /* Route.h */ = {isa = PBXFileReference; fileEncoding = 4; lastKnownFileType = sourcecode.c.h; path = Route.h; sourceTree = "<group>"; };
		B10BFDBB15CE9C240070FA11 /* Route.m */ = {isa = PBXFileReference; fileEncoding = 4; lastKnownFileType = sourcecode.c.objc; path = Route.m; sourceTree = "<group>"; };
		B10BFDBD15CECBA30070FA11 /* SegmentedTrackViewController.h */ = {isa = PBXFileReference; fileEncoding = 4; lastKnownFileType = sourcecode.c.h; path = SegmentedTrackViewController.h; sourceTree = "<group>"; };
		B10BFDBE15CECBA40070FA11 /* SegmentedTrackViewController.m */ = {isa = PBXFileReference; fileEncoding = 4; lastKnownFileType = sourcecode.c.objc; path = SegmentedTrackViewController.m; sourceTree = "<group>"; };
		B10BFDC015CECF0E0070FA11 /* ActivityTableViewController.h */ = {isa = PBXFileReference; fileEncoding = 4; lastKnownFileType = sourcecode.c.h; path = ActivityTableViewController.h; sourceTree = "<group>"; };
		B10BFDC115CECF0F0070FA11 /* ActivityTableViewController.m */ = {isa = PBXFileReference; fileEncoding = 4; lastKnownFileType = sourcecode.c.objc; path = ActivityTableViewController.m; sourceTree = "<group>"; };
		B10BFDC315CECF2E0070FA11 /* RouteTableViewController.h */ = {isa = PBXFileReference; fileEncoding = 4; lastKnownFileType = sourcecode.c.h; path = RouteTableViewController.h; sourceTree = "<group>"; };
		B10BFDC415CECF2E0070FA11 /* RouteTableViewController.m */ = {isa = PBXFileReference; fileEncoding = 4; lastKnownFileType = sourcecode.c.objc; path = RouteTableViewController.m; sourceTree = "<group>"; };
		B12D4BBA15B1CCA6001490B3 /* LocationTest.app */ = {isa = PBXFileReference; explicitFileType = wrapper.application; includeInIndex = 0; path = LocationTest.app; sourceTree = BUILT_PRODUCTS_DIR; };
		B12D4BBE15B1CCA6001490B3 /* UIKit.framework */ = {isa = PBXFileReference; lastKnownFileType = wrapper.framework; name = UIKit.framework; path = System/Library/Frameworks/UIKit.framework; sourceTree = SDKROOT; };
		B12D4BC015B1CCA6001490B3 /* Foundation.framework */ = {isa = PBXFileReference; lastKnownFileType = wrapper.framework; name = Foundation.framework; path = System/Library/Frameworks/Foundation.framework; sourceTree = SDKROOT; };
		B12D4BC215B1CCA6001490B3 /* CoreGraphics.framework */ = {isa = PBXFileReference; lastKnownFileType = wrapper.framework; name = CoreGraphics.framework; path = System/Library/Frameworks/CoreGraphics.framework; sourceTree = SDKROOT; };
		B12D4BC615B1CCA6001490B3 /* LocationTest-Info.plist */ = {isa = PBXFileReference; lastKnownFileType = text.plist.xml; path = "LocationTest-Info.plist"; sourceTree = "<group>"; };
		B12D4BC815B1CCA6001490B3 /* en */ = {isa = PBXFileReference; lastKnownFileType = text.plist.strings; name = en; path = en.lproj/InfoPlist.strings; sourceTree = "<group>"; };
		B12D4BCA15B1CCA6001490B3 /* main.m */ = {isa = PBXFileReference; lastKnownFileType = sourcecode.c.objc; path = main.m; sourceTree = "<group>"; };
		B12D4BCC15B1CCA6001490B3 /* LocationTest-Prefix.pch */ = {isa = PBXFileReference; lastKnownFileType = sourcecode.c.h; path = "LocationTest-Prefix.pch"; sourceTree = "<group>"; };
		B12D4BCD15B1CCA6001490B3 /* AppDelegate.h */ = {isa = PBXFileReference; lastKnownFileType = sourcecode.c.h; path = AppDelegate.h; sourceTree = "<group>"; };
		B12D4BCE15B1CCA6001490B3 /* AppDelegate.m */ = {isa = PBXFileReference; lastKnownFileType = sourcecode.c.objc; path = AppDelegate.m; sourceTree = "<group>"; };
		B12D4BD615B1CCA6001490B3 /* RecordViewController.h */ = {isa = PBXFileReference; lastKnownFileType = sourcecode.c.h; path = RecordViewController.h; sourceTree = "<group>"; };
		B12D4BD715B1CCA6001490B3 /* RecordViewController.m */ = {isa = PBXFileReference; lastKnownFileType = sourcecode.c.objc; path = RecordViewController.m; sourceTree = "<group>"; };
		B12D4BD915B1CCA6001490B3 /* first.png */ = {isa = PBXFileReference; lastKnownFileType = image.png; name = first.png; path = LocationTest/first.png; sourceTree = "<group>"; };
		B12D4BDB15B1CCA6001490B3 /* first@2x.png */ = {isa = PBXFileReference; lastKnownFileType = image.png; name = "first@2x.png"; path = "LocationTest/first@2x.png"; sourceTree = "<group>"; };
		B12D4BDD15B1CCA6001490B3 /* RawDataViewController.h */ = {isa = PBXFileReference; lastKnownFileType = sourcecode.c.h; path = RawDataViewController.h; sourceTree = "<group>"; };
		B12D4BDE15B1CCA6001490B3 /* RawDataViewController.m */ = {isa = PBXFileReference; lastKnownFileType = sourcecode.c.objc; path = RawDataViewController.m; sourceTree = "<group>"; };
		B12D4BE015B1CCA6001490B3 /* second.png */ = {isa = PBXFileReference; lastKnownFileType = image.png; name = second.png; path = LocationTest/second.png; sourceTree = "<group>"; };
		B12D4BE215B1CCA6001490B3 /* second@2x.png */ = {isa = PBXFileReference; lastKnownFileType = image.png; name = "second@2x.png"; path = "LocationTest/second@2x.png"; sourceTree = "<group>"; };
		B12D4BEA15B1CDC1001490B3 /* CoreLocation.framework */ = {isa = PBXFileReference; lastKnownFileType = wrapper.framework; name = CoreLocation.framework; path = System/Library/Frameworks/CoreLocation.framework; sourceTree = SDKROOT; };
		B12D4BEC15B1CDC7001490B3 /* MapKit.framework */ = {isa = PBXFileReference; lastKnownFileType = wrapper.framework; name = MapKit.framework; path = System/Library/Frameworks/MapKit.framework; sourceTree = SDKROOT; };
		B13BCC38160E3B7A001E7486 /* WildcardGestureRecognizer.h */ = {isa = PBXFileReference; fileEncoding = 4; lastKnownFileType = sourcecode.c.h; path = WildcardGestureRecognizer.h; sourceTree = "<group>"; };
		B13BCC39160E3B7A001E7486 /* WildcardGestureRecognizer.m */ = {isa = PBXFileReference; fileEncoding = 4; lastKnownFileType = sourcecode.c.objc; path = WildcardGestureRecognizer.m; sourceTree = "<group>"; };
		B164D56515B74F110061E562 /* QuartzCore.framework */ = {isa = PBXFileReference; lastKnownFileType = wrapper.framework; name = QuartzCore.framework; path = System/Library/Frameworks/QuartzCore.framework; sourceTree = SDKROOT; };
		B164D56815B754C80061E562 /* 18-05-2012.gpx */ = {isa = PBXFileReference; lastKnownFileType = text.xml; name = "18-05-2012.gpx"; path = "../18-05-2012.gpx"; sourceTree = "<group>"; };
		B16A047015B20FC1005B372D /* de */ = {isa = PBXFileReference; lastKnownFileType = text.plist.strings; name = de; path = de.lproj/Localizable.strings; sourceTree = "<group>"; };
		B16A047115B20FC1005B372D /* en */ = {isa = PBXFileReference; lastKnownFileType = text.plist.strings; name = en; path = en.lproj/Localizable.strings; sourceTree = "<group>"; };
		B16A047415B21C35005B372D /* WFConnector.framework */ = {isa = PBXFileReference; lastKnownFileType = wrapper.framework; name = WFConnector.framework; path = ../wf_api_2.2.3/dependencies/WFConnector.framework; sourceTree = "<group>"; };
		B16A047615B21CA3005B372D /* ExternalAccessory.framework */ = {isa = PBXFileReference; lastKnownFileType = wrapper.framework; name = ExternalAccessory.framework; path = System/Library/Frameworks/ExternalAccessory.framework; sourceTree = SDKROOT; };
		B16A047815B21CAA005B372D /* CoreBluetooth.framework */ = {isa = PBXFileReference; lastKnownFileType = wrapper.framework; name = CoreBluetooth.framework; path = System/Library/Frameworks/CoreBluetooth.framework; sourceTree = SDKROOT; };
		B16A047F15B2B7FC005B372D /* TrackingManager.h */ = {isa = PBXFileReference; fileEncoding = 4; lastKnownFileType = sourcecode.c.h; path = TrackingManager.h; sourceTree = "<group>"; };
		B16A048015B2B7FC005B372D /* TrackingManager.m */ = {isa = PBXFileReference; fileEncoding = 4; lastKnownFileType = sourcecode.c.objc; path = TrackingManager.m; sourceTree = "<group>"; };
		B16A048A15B2FB30005B372D /* CLLocation+Strings.h */ = {isa = PBXFileReference; fileEncoding = 4; lastKnownFileType = sourcecode.c.h; path = "CLLocation+Strings.h"; sourceTree = "<group>"; };
		B16A048B15B2FB30005B372D /* CLLocation+Strings.m */ = {isa = PBXFileReference; fileEncoding = 4; lastKnownFileType = sourcecode.c.objc; path = "CLLocation+Strings.m"; sourceTree = "<group>"; };
		B16A049515B32100005B372D /* NSDate+Strings.h */ = {isa = PBXFileReference; fileEncoding = 4; lastKnownFileType = sourcecode.c.h; path = "NSDate+Strings.h"; sourceTree = "<group>"; };
		B16A049615B32100005B372D /* NSDate+Strings.m */ = {isa = PBXFileReference; fileEncoding = 4; lastKnownFileType = sourcecode.c.objc; path = "NSDate+Strings.m"; sourceTree = "<group>"; };
		B16A049915B343F6005B372D /* MapViewController.h */ = {isa = PBXFileReference; fileEncoding = 4; lastKnownFileType = sourcecode.c.h; path = MapViewController.h; sourceTree = "<group>"; };
		B16A049A15B343F6005B372D /* MapViewController.m */ = {isa = PBXFileReference; fileEncoding = 4; lastKnownFileType = sourcecode.c.objc; path = MapViewController.m; sourceTree = "<group>"; };
		B16A04A015B34639005B372D /* WaypointAnnotation.h */ = {isa = PBXFileReference; fileEncoding = 4; lastKnownFileType = sourcecode.c.h; path = WaypointAnnotation.h; sourceTree = "<group>"; };
		B16A04A115B34639005B372D /* WaypointAnnotation.m */ = {isa = PBXFileReference; fileEncoding = 4; lastKnownFileType = sourcecode.c.objc; path = WaypointAnnotation.m; sourceTree = "<group>"; };
		B16A04A315B35784005B372D /* de */ = {isa = PBXFileReference; lastKnownFileType = file.storyboard; name = de; path = de.lproj/iPhone.storyboard; sourceTree = "<group>"; };
		B16A04A415B36311005B372D /* TrackOverlayView.h */ = {isa = PBXFileReference; fileEncoding = 4; lastKnownFileType = sourcecode.c.h; path = TrackOverlayView.h; sourceTree = "<group>"; };
		B16A04A515B36311005B372D /* TrackOverlayView.m */ = {isa = PBXFileReference; fileEncoding = 4; lastKnownFileType = sourcecode.c.objc; path = TrackOverlayView.m; sourceTree = "<group>"; };
		B174D6811617AA480098B433 /* userLocation.png */ = {isa = PBXFileReference; lastKnownFileType = image.png; name = userLocation.png; path = LocationTest/userLocation.png; sourceTree = "<group>"; };
		B174D6821617AA480098B433 /* userLocation@2x.png */ = {isa = PBXFileReference; lastKnownFileType = image.png; name = "userLocation@2x.png"; path = "LocationTest/userLocation@2x.png"; sourceTree = "<group>"; };
		B17D39D715BDD86800F28FA8 /* TrackTableViewController.h */ = {isa = PBXFileReference; fileEncoding = 4; lastKnownFileType = sourcecode.c.h; path = TrackTableViewController.h; sourceTree = "<group>"; };
		B17D39D815BDD86800F28FA8 /* TrackTableViewController.m */ = {isa = PBXFileReference; fileEncoding = 4; lastKnownFileType = sourcecode.c.objc; path = TrackTableViewController.m; sourceTree = "<group>"; };
		B17D39DF15BDDAF900F28FA8 /* CoreDataTableViewController.m */ = {isa = PBXFileReference; fileEncoding = 4; lastKnownFileType = sourcecode.c.objc; path = CoreDataTableViewController.m; sourceTree = "<group>"; };
		B17D39E015BDDAF900F28FA8 /* CoreDataTableViewController.h */ = {isa = PBXFileReference; fileEncoding = 4; lastKnownFileType = sourcecode.c.h; path = CoreDataTableViewController.h; sourceTree = "<group>"; };
		B17D39E215BDDD6A00F28FA8 /* Track+Create.h */ = {isa = PBXFileReference; fileEncoding = 4; lastKnownFileType = sourcecode.c.h; path = "Track+Create.h"; sourceTree = "<group>"; };
		B17D39E315BDDD6A00F28FA8 /* Track+Create.m */ = {isa = PBXFileReference; fileEncoding = 4; lastKnownFileType = sourcecode.c.objc; path = "Track+Create.m"; sourceTree = "<group>"; };
		B17D39E815BDE83500F28FA8 /* TrackViewController.h */ = {isa = PBXFileReference; fileEncoding = 4; lastKnownFileType = sourcecode.c.h; path = TrackViewController.h; sourceTree = "<group>"; };
		B17D39E915BDE83500F28FA8 /* TrackViewController.m */ = {isa = PBXFileReference; fileEncoding = 4; lastKnownFileType = sourcecode.c.objc; path = TrackViewController.m; sourceTree = "<group>"; };
		B17D39EB15BDECE300F28FA8 /* Track+Data.h */ = {isa = PBXFileReference; fileEncoding = 4; lastKnownFileType = sourcecode.c.h; path = "Track+Data.h"; sourceTree = "<group>"; };
		B17D39EC15BDECE300F28FA8 /* Track+Data.m */ = {isa = PBXFileReference; fileEncoding = 4; lastKnownFileType = sourcecode.c.objc; path = "Track+Data.m"; sourceTree = "<group>"; };
		B17D39EE15BDF60900F28FA8 /* TrackHandler.h */ = {isa = PBXFileReference; fileEncoding = 4; lastKnownFileType = sourcecode.c.h; path = TrackHandler.h; sourceTree = "<group>"; };
		B187CEDF1607AF33008F6236 /* Default-568h@2x.png */ = {isa = PBXFileReference; lastKnownFileType = image.png; path = "Default-568h@2x.png"; sourceTree = "<group>"; };
		B1904FE215FD25CE00B225E2 /* RestKit.xcodeproj */ = {isa = PBXFileReference; lastKnownFileType = "wrapper.pb-project"; name = RestKit.xcodeproj; path = RestKit/RestKit.xcodeproj; sourceTree = "<group>"; };
		B1904FFB15FD2D8400B225E2 /* CFNetwork.framework */ = {isa = PBXFileReference; lastKnownFileType = wrapper.framework; name = CFNetwork.framework; path = System/Library/Frameworks/CFNetwork.framework; sourceTree = SDKROOT; };
		B1904FFD15FD2D9400B225E2 /* MobileCoreServices.framework */ = {isa = PBXFileReference; lastKnownFileType = wrapper.framework; name = MobileCoreServices.framework; path = System/Library/Frameworks/MobileCoreServices.framework; sourceTree = SDKROOT; };
		B1904FFF15FD2D9C00B225E2 /* Security.framework */ = {isa = PBXFileReference; lastKnownFileType = wrapper.framework; name = Security.framework; path = System/Library/Frameworks/Security.framework; sourceTree = SDKROOT; };
		B190500115FD2DA700B225E2 /* SystemConfiguration.framework */ = {isa = PBXFileReference; lastKnownFileType = wrapper.framework; name = SystemConfiguration.framework; path = System/Library/Frameworks/SystemConfiguration.framework; sourceTree = SDKROOT; };
		B190500315FD2DBB00B225E2 /* libxml2.dylib */ = {isa = PBXFileReference; lastKnownFileType = "compiled.mach-o.dylib"; name = libxml2.dylib; path = usr/lib/libxml2.dylib; sourceTree = SDKROOT; };
		B1976E4615C9B1E7008BCDCF /* GoogleStaticMapsFetcher.h */ = {isa = PBXFileReference; fileEncoding = 4; lastKnownFileType = sourcecode.c.h; path = GoogleStaticMapsFetcher.h; sourceTree = "<group>"; };
		B1976E4715C9B1E7008BCDCF /* GoogleStaticMapsFetcher.m */ = {isa = PBXFileReference; fileEncoding = 4; lastKnownFileType = sourcecode.c.objc; path = GoogleStaticMapsFetcher.m; sourceTree = "<group>"; };
		B1976E6415C9CB8D008BCDCF /* mapThumbnail.png */ = {isa = PBXFileReference; lastKnownFileType = image.png; name = mapThumbnail.png; path = LocationTest/mapThumbnail.png; sourceTree = "<group>"; };
		B1976E6515C9CB8D008BCDCF /* mapThumbnail@2x.png */ = {isa = PBXFileReference; lastKnownFileType = image.png; name = "mapThumbnail@2x.png"; path = "LocationTest/mapThumbnail@2x.png"; sourceTree = "<group>"; };
		B1976E6815CC201B008BCDCF /* FileHelper.h */ = {isa = PBXFileReference; fileEncoding = 4; lastKnownFileType = sourcecode.c.h; path = FileHelper.h; sourceTree = "<group>"; };
		B1976E6915CC201B008BCDCF /* FileHelper.m */ = {isa = PBXFileReference; fileEncoding = 4; lastKnownFileType = sourcecode.c.objc; path = FileHelper.m; sourceTree = "<group>"; };
		B1A0225615CD4EC80054C2D7 /* GPXParser.m */ = {isa = PBXFileReference; fileEncoding = 4; lastKnownFileType = sourcecode.c.objc; path = GPXParser.m; sourceTree = "<group>"; };
		B1A0225915CD4FF70054C2D7 /* GPXParser.h */ = {isa = PBXFileReference; fileEncoding = 4; lastKnownFileType = sourcecode.c.h; path = GPXParser.h; sourceTree = "<group>"; };
		B1A0225C15CD65500054C2D7 /* Cyclemeter-Cycle-20120701-0953.gpx */ = {isa = PBXFileReference; fileEncoding = 4; lastKnownFileType = text.xml; path = "Cyclemeter-Cycle-20120701-0953.gpx"; sourceTree = "<group>"; };
		B1A59AFF160F6165000FFD92 /* Segment+Data.h */ = {isa = PBXFileReference; fileEncoding = 4; lastKnownFileType = sourcecode.c.h; path = "Segment+Data.h"; sourceTree = "<group>"; };
		B1A59B00160F6165000FFD92 /* Segment+Data.m */ = {isa = PBXFileReference; fileEncoding = 4; lastKnownFileType = sourcecode.c.objc; path = "Segment+Data.m"; sourceTree = "<group>"; };
		B1A59B02160F6E22000FFD92 /* MultiPolyline.h */ = {isa = PBXFileReference; fileEncoding = 4; lastKnownFileType = sourcecode.c.h; path = MultiPolyline.h; sourceTree = "<group>"; };
		B1A59B03160F6E22000FFD92 /* MultiPolyline.m */ = {isa = PBXFileReference; fileEncoding = 4; lastKnownFileType = sourcecode.c.objc; path = MultiPolyline.m; sourceTree = "<group>"; };
		B1A59B10160F9BF9000FFD92 /* TBXML.xcodeproj */ = {isa = PBXFileReference; lastKnownFileType = "wrapper.pb-project"; name = TBXML.xcodeproj; path = TBXML/TBXML.xcodeproj; sourceTree = "<group>"; };
		B1A59B26160FA152000FFD92 /* libz.dylib */ = {isa = PBXFileReference; lastKnownFileType = "compiled.mach-o.dylib"; name = libz.dylib; path = usr/lib/libz.dylib; sourceTree = SDKROOT; };
		B1B4DBDD1617715800579B90 /* UserLocationAnnotation.h */ = {isa = PBXFileReference; fileEncoding = 4; lastKnownFileType = sourcecode.c.h; path = UserLocationAnnotation.h; sourceTree = "<group>"; };
		B1B4DBDE1617715800579B90 /* UserLocationAnnotation.m */ = {isa = PBXFileReference; fileEncoding = 4; lastKnownFileType = sourcecode.c.objc; path = UserLocationAnnotation.m; sourceTree = "<group>"; };
		B1CDFB3215C5B90200D5D3B7 /* Waypoint+Strings.h */ = {isa = PBXFileReference; fileEncoding = 4; lastKnownFileType = sourcecode.c.h; path = "Waypoint+Strings.h"; sourceTree = "<group>"; };
		B1CDFB3315C5B90200D5D3B7 /* Waypoint+Strings.m */ = {isa = PBXFileReference; fileEncoding = 4; lastKnownFileType = sourcecode.c.objc; path = "Waypoint+Strings.m"; sourceTree = "<group>"; };
		B1E5A46B160909C9003443C3 /* Activity.h */ = {isa = PBXFileReference; fileEncoding = 4; lastKnownFileType = sourcecode.c.h; path = Activity.h; sourceTree = "<group>"; };
		B1E5A46C160909C9003443C3 /* Activity.m */ = {isa = PBXFileReference; fileEncoding = 4; lastKnownFileType = sourcecode.c.objc; path = Activity.m; sourceTree = "<group>"; };
		B1E9298115D7B73F00CF1574 /* gpxFile.png */ = {isa = PBXFileReference; lastKnownFileType = image.png; name = gpxFile.png; path = LocationTest/gpxFile.png; sourceTree = "<group>"; };
		B1E9298215D7B74000CF1574 /* gpxFile@2x.png */ = {isa = PBXFileReference; lastKnownFileType = image.png; name = "gpxFile@2x.png"; path = "LocationTest/gpxFile@2x.png"; sourceTree = "<group>"; };
		B1E9298515D7B87C00CF1574 /* ImportViewController.h */ = {isa = PBXFileReference; fileEncoding = 4; lastKnownFileType = sourcecode.c.h; path = ImportViewController.h; sourceTree = "<group>"; };
		B1E9298615D7B87D00CF1574 /* ImportViewController.m */ = {isa = PBXFileReference; fileEncoding = 4; lastKnownFileType = sourcecode.c.objc; path = ImportViewController.m; sourceTree = "<group>"; };
		B1E9298815D7C31400CF1574 /* TabBarController.h */ = {isa = PBXFileReference; fileEncoding = 4; lastKnownFileType = sourcecode.c.h; path = TabBarController.h; sourceTree = "<group>"; };
		B1E9298915D7C31400CF1574 /* TabBarController.m */ = {isa = PBXFileReference; fileEncoding = 4; lastKnownFileType = sourcecode.c.objc; path = TabBarController.m; sourceTree = "<group>"; };
		B1FB1B0C15BC0F3600B51E16 /* Model.xcdatamodel */ = {isa = PBXFileReference; lastKnownFileType = wrapper.xcdatamodel; path = Model.xcdatamodel; sourceTree = "<group>"; };
		B1FB1B0F15BC0F7700B51E16 /* CoreData.framework */ = {isa = PBXFileReference; lastKnownFileType = wrapper.framework; name = CoreData.framework; path = System/Library/Frameworks/CoreData.framework; sourceTree = SDKROOT; };
		B1FB1B7215BC66D300B51E16 /* Waypoint+Create.h */ = {isa = PBXFileReference; fileEncoding = 4; lastKnownFileType = sourcecode.c.h; path = "Waypoint+Create.h"; sourceTree = "<group>"; };
		B1FB1B7315BC66D300B51E16 /* Waypoint+Create.m */ = {isa = PBXFileReference; fileEncoding = 4; lastKnownFileType = sourcecode.c.objc; path = "Waypoint+Create.m"; sourceTree = "<group>"; };
		B1FB1B7515BC680800B51E16 /* Segment+Create.h */ = {isa = PBXFileReference; fileEncoding = 4; lastKnownFileType = sourcecode.c.h; path = "Segment+Create.h"; sourceTree = "<group>"; };
		B1FB1B7615BC680800B51E16 /* Segment+Create.m */ = {isa = PBXFileReference; fileEncoding = 4; lastKnownFileType = sourcecode.c.objc; path = "Segment+Create.m"; sourceTree = "<group>"; };
		BE84756815B41E4B006E967A /* de */ = {isa = PBXFileReference; lastKnownFileType = text.plist.strings; name = de; path = de.lproj/InfoPlist.strings; sourceTree = "<group>"; };
/* End PBXFileReference section */

/* Begin PBXFrameworksBuildPhase section */
		B12D4BB715B1CCA6001490B3 /* Frameworks */ = {
			isa = PBXFrameworksBuildPhase;
			buildActionMask = 2147483647;
			files = (
				B1A59B29160FA2D3000FFD92 /* libTBXML-iOS.a in Frameworks */,
				B1A59B27160FA152000FFD92 /* libz.dylib in Frameworks */,
				B190500415FD2DBB00B225E2 /* libxml2.dylib in Frameworks */,
				B190500215FD2DA700B225E2 /* SystemConfiguration.framework in Frameworks */,
				B190500015FD2D9C00B225E2 /* Security.framework in Frameworks */,
				B1904FFE15FD2D9400B225E2 /* MobileCoreServices.framework in Frameworks */,
				B1904FFC15FD2D8400B225E2 /* CFNetwork.framework in Frameworks */,
				B1904FFA15FD2D5E00B225E2 /* libRestKit.a in Frameworks */,
				B1FB1B1015BC0F7700B51E16 /* CoreData.framework in Frameworks */,
				B164D56615B74F110061E562 /* QuartzCore.framework in Frameworks */,
				B16A047915B21CAA005B372D /* CoreBluetooth.framework in Frameworks */,
				B16A047715B21CA3005B372D /* ExternalAccessory.framework in Frameworks */,
				B12D4BED15B1CDC7001490B3 /* MapKit.framework in Frameworks */,
				B12D4BEB15B1CDC2001490B3 /* CoreLocation.framework in Frameworks */,
				B12D4BBF15B1CCA6001490B3 /* UIKit.framework in Frameworks */,
				B12D4BC115B1CCA6001490B3 /* Foundation.framework in Frameworks */,
				B12D4BC315B1CCA6001490B3 /* CoreGraphics.framework in Frameworks */,
			);
			runOnlyForDeploymentPostprocessing = 0;
		};
/* End PBXFrameworksBuildPhase section */

/* Begin PBXGroup section */
		B12D4BAF15B1CCA6001490B3 = {
			isa = PBXGroup;
			children = (
				B1A59B10160F9BF9000FFD92 /* TBXML.xcodeproj */,
				B1904FE215FD25CE00B225E2 /* RestKit.xcodeproj */,
				B12D4BC415B1CCA6001490B3 /* LocationTest */,
				B12D4BBD15B1CCA6001490B3 /* Frameworks */,
				B12D4BBB15B1CCA6001490B3 /* Products */,
			);
			sourceTree = "<group>";
		};
		B12D4BBB15B1CCA6001490B3 /* Products */ = {
			isa = PBXGroup;
			children = (
				B12D4BBA15B1CCA6001490B3 /* LocationTest.app */,
			);
			name = Products;
			sourceTree = "<group>";
		};
		B12D4BBD15B1CCA6001490B3 /* Frameworks */ = {
			isa = PBXGroup;
			children = (
				B1A59B26160FA152000FFD92 /* libz.dylib */,
				B190500315FD2DBB00B225E2 /* libxml2.dylib */,
				B190500115FD2DA700B225E2 /* SystemConfiguration.framework */,
				B1904FFF15FD2D9C00B225E2 /* Security.framework */,
				B1904FFD15FD2D9400B225E2 /* MobileCoreServices.framework */,
				B1904FFB15FD2D8400B225E2 /* CFNetwork.framework */,
				B1FB1B0F15BC0F7700B51E16 /* CoreData.framework */,
				B164D56515B74F110061E562 /* QuartzCore.framework */,
				B16A047815B21CAA005B372D /* CoreBluetooth.framework */,
				B16A047615B21CA3005B372D /* ExternalAccessory.framework */,
				B16A047415B21C35005B372D /* WFConnector.framework */,
				B12D4BEC15B1CDC7001490B3 /* MapKit.framework */,
				B12D4BEA15B1CDC1001490B3 /* CoreLocation.framework */,
				B12D4BBE15B1CCA6001490B3 /* UIKit.framework */,
				B12D4BC015B1CCA6001490B3 /* Foundation.framework */,
				B12D4BC215B1CCA6001490B3 /* CoreGraphics.framework */,
			);
			name = Frameworks;
			sourceTree = "<group>";
		};
		B12D4BC415B1CCA6001490B3 /* LocationTest */ = {
			isa = PBXGroup;
			children = (
				BE3633D915DBDE4400D81B35 /* ViewControllers */,
				BE3633DD15DBDEF500D81B35 /* Views */,
				BE3633DC15DBDEA500D81B35 /* Utilities */,
				BE3633DF15DBE0D900D81B35 /* Services */,
				BE3633DB15DBDE7F00D81B35 /* Model */,
				B16A049815B32119005B372D /* Categories */,
				B12D4BC515B1CCA6001490B3 /* Supporting Files */,
			);
			path = LocationTest;
			sourceTree = "<group>";
		};
		B12D4BC515B1CCA6001490B3 /* Supporting Files */ = {
			isa = PBXGroup;
			children = (
				BE3633DE15DBE09500D81B35 /* GPX */,
				B12D4BE915B1CD78001490B3 /* Images */,
				B12D4BD015B1CCA6001490B3 /* iPhone.storyboard */,
				B12D4BCD15B1CCA6001490B3 /* AppDelegate.h */,
				B12D4BCE15B1CCA6001490B3 /* AppDelegate.m */,
				B16A046F15B20FC1005B372D /* Localizable.strings */,
				B12D4BC615B1CCA6001490B3 /* LocationTest-Info.plist */,
				B12D4BC715B1CCA6001490B3 /* InfoPlist.strings */,
				B12D4BCA15B1CCA6001490B3 /* main.m */,
				B12D4BCC15B1CCA6001490B3 /* LocationTest-Prefix.pch */,
			);
			name = "Supporting Files";
			sourceTree = "<group>";
		};
		B12D4BE915B1CD78001490B3 /* Images */ = {
			isa = PBXGroup;
			children = (
				B174D6811617AA480098B433 /* userLocation.png */,
				B174D6821617AA480098B433 /* userLocation@2x.png */,
				B187CEDF1607AF33008F6236 /* Default-568h@2x.png */,
				B1E9298115D7B73F00CF1574 /* gpxFile.png */,
				B1E9298215D7B74000CF1574 /* gpxFile@2x.png */,
				B1976E6415C9CB8D008BCDCF /* mapThumbnail.png */,
				B1976E6515C9CB8D008BCDCF /* mapThumbnail@2x.png */,
				B12D4BD915B1CCA6001490B3 /* first.png */,
				B12D4BDB15B1CCA6001490B3 /* first@2x.png */,
				B12D4BE015B1CCA6001490B3 /* second.png */,
				B12D4BE215B1CCA6001490B3 /* second@2x.png */,
			);
			name = Images;
			path = ..;
			sourceTree = "<group>";
		};
		B16A049815B32119005B372D /* Categories */ = {
			isa = PBXGroup;
			children = (
				B10BFDB415CE91B70070FA11 /* NSURL+FileHelper.h */,
				B10BFDB515CE91B70070FA11 /* NSURL+FileHelper.m */,
				B1CDFB3215C5B90200D5D3B7 /* Waypoint+Strings.h */,
				B1CDFB3315C5B90200D5D3B7 /* Waypoint+Strings.m */,
				B17D39EB15BDECE300F28FA8 /* Track+Data.h */,
				B17D39EC15BDECE300F28FA8 /* Track+Data.m */,
				B1A59AFF160F6165000FFD92 /* Segment+Data.h */,
				B1A59B00160F6165000FFD92 /* Segment+Data.m */,
				B17D39E215BDDD6A00F28FA8 /* Track+Create.h */,
				B17D39E315BDDD6A00F28FA8 /* Track+Create.m */,
				B10BFDB115CDC04C0070FA11 /* Activity+Create.h */,
				B10BFDB215CDC04C0070FA11 /* Activity+Create.m */,
				B1FB1B7215BC66D300B51E16 /* Waypoint+Create.h */,
				B1FB1B7315BC66D300B51E16 /* Waypoint+Create.m */,
				B1FB1B7515BC680800B51E16 /* Segment+Create.h */,
				B1FB1B7615BC680800B51E16 /* Segment+Create.m */,
				B16A049515B32100005B372D /* NSDate+Strings.h */,
				B16A049615B32100005B372D /* NSDate+Strings.m */,
				B16A048A15B2FB30005B372D /* CLLocation+Strings.h */,
				B16A048B15B2FB30005B372D /* CLLocation+Strings.m */,
			);
			name = Categories;
			sourceTree = "<group>";
		};
		B1904FE315FD25CE00B225E2 /* Products */ = {
			isa = PBXGroup;
			children = (
				B1904FEE15FD25CE00B225E2 /* libRestKit.a */,
				B1904FF015FD25CE00B225E2 /* RestKitTests.octest */,
				B1904FF215FD25CE00B225E2 /* RestKit.framework */,
				B1904FF415FD25CE00B225E2 /* RestKitFrameworkTests.octest */,
				B1904FF615FD25CE00B225E2 /* RestKitResources.bundle */,
			);
			name = Products;
			sourceTree = "<group>";
		};
		B1A59B11160F9BF9000FFD92 /* Products */ = {
			isa = PBXGroup;
			children = (
				B1A59B1B160F9BFA000FFD92 /* libTBXML.a */,
				B1A59B1D160F9BFA000FFD92 /* TBXMLTests.octest */,
				B1A59B1F160F9BFA000FFD92 /* libTBXML-iOS.a */,
				B1A59B21160F9BFA000FFD92 /* TBXML-iOSTests.octest */,
			);
			name = Products;
			sourceTree = "<group>";
		};
		BE3633D915DBDE4400D81B35 /* ViewControllers */ = {
			isa = PBXGroup;
			children = (
				BE3633E015DBE13B00D81B35 /* NavigationControllers */,
				B17D39EE15BDF60900F28FA8 /* TrackHandler.h */,
				B16A049915B343F6005B372D /* MapViewController.h */,
				B16A049A15B343F6005B372D /* MapViewController.m */,
				B12D4BDD15B1CCA6001490B3 /* RawDataViewController.h */,
				B12D4BDE15B1CCA6001490B3 /* RawDataViewController.m */,
				B12D4BD615B1CCA6001490B3 /* RecordViewController.h */,
				B12D4BD715B1CCA6001490B3 /* RecordViewController.m */,
				B17D39E815BDE83500F28FA8 /* TrackViewController.h */,
				B17D39E915BDE83500F28FA8 /* TrackViewController.m */,
				B17D39D715BDD86800F28FA8 /* TrackTableViewController.h */,
				B17D39D815BDD86800F28FA8 /* TrackTableViewController.m */,
				B17D39DF15BDDAF900F28FA8 /* CoreDataTableViewController.m */,
				B17D39E015BDDAF900F28FA8 /* CoreDataTableViewController.h */,
				B1E9298515D7B87C00CF1574 /* ImportViewController.h */,
				B1E9298615D7B87D00CF1574 /* ImportViewController.m */,
				B10BFDC015CECF0E0070FA11 /* ActivityTableViewController.h */,
				B10BFDC115CECF0F0070FA11 /* ActivityTableViewController.m */,
				B10BFDC315CECF2E0070FA11 /* RouteTableViewController.h */,
				B10BFDC415CECF2E0070FA11 /* RouteTableViewController.m */,
			);
			name = ViewControllers;
			sourceTree = "<group>";
		};
		BE3633DB15DBDE7F00D81B35 /* Model */ = {
			isa = PBXGroup;
			children = (
				B10BFDA515CDBF7A0070FA11 /* Segment.h */,
				B10BFDA615CDBF7A0070FA11 /* Segment.m */,
				B10BFDA815CDBF7A0070FA11 /* Waypoint.h */,
				B10BFDA915CDBF7A0070FA11 /* Waypoint.m */,
				B10BFDA115CDBF790070FA11 /* Track.h */,
				B10BFDA215CDBF790070FA11 /* Track.m */,
				B10BFDBA15CE9C230070FA11 /* Route.h */,
				B10BFDBB15CE9C240070FA11 /* Route.m */,
				B1FB1B0B15BC0F3600B51E16 /* Model.xcdatamodeld */,
				B1E5A46B160909C9003443C3 /* Activity.h */,
				B1E5A46C160909C9003443C3 /* Activity.m */,
				B1A59B02160F6E22000FFD92 /* MultiPolyline.h */,
				B1A59B03160F6E22000FFD92 /* MultiPolyline.m */,
			);
			name = Model;
			sourceTree = "<group>";
		};
		BE3633DC15DBDEA500D81B35 /* Utilities */ = {
			isa = PBXGroup;
			children = (
				B16A047F15B2B7FC005B372D /* TrackingManager.h */,
				B16A048015B2B7FC005B372D /* TrackingManager.m */,
				B1A0225915CD4FF70054C2D7 /* GPXParser.h */,
				B1A0225615CD4EC80054C2D7 /* GPXParser.m */,
				B1976E6815CC201B008BCDCF /* FileHelper.h */,
				B1976E6915CC201B008BCDCF /* FileHelper.m */,
				B13BCC38160E3B7A001E7486 /* WildcardGestureRecognizer.h */,
				B13BCC39160E3B7A001E7486 /* WildcardGestureRecognizer.m */,
			);
			name = Utilities;
			sourceTree = "<group>";
		};
		BE3633DD15DBDEF500D81B35 /* Views */ = {
			isa = PBXGroup;
			children = (
				B1B4DBDD1617715800579B90 /* UserLocationAnnotation.h */,
				B1B4DBDE1617715800579B90 /* UserLocationAnnotation.m */,
				B16A04A015B34639005B372D /* WaypointAnnotation.h */,
				B16A04A115B34639005B372D /* WaypointAnnotation.m */,
				B16A04A415B36311005B372D /* TrackOverlayView.h */,
				B16A04A515B36311005B372D /* TrackOverlayView.m */,
			);
			name = Views;
			sourceTree = "<group>";
		};
		BE3633DE15DBE09500D81B35 /* GPX */ = {
			isa = PBXGroup;
			children = (
				B1A0225C15CD65500054C2D7 /* Cyclemeter-Cycle-20120701-0953.gpx */,
				B164D56815B754C80061E562 /* 18-05-2012.gpx */,
			);
			name = GPX;
			sourceTree = "<group>";
		};
		BE3633DF15DBE0D900D81B35 /* Services */ = {
			isa = PBXGroup;
			children = (
				B1976E4615C9B1E7008BCDCF /* GoogleStaticMapsFetcher.h */,
				B1976E4715C9B1E7008BCDCF /* GoogleStaticMapsFetcher.m */,
			);
			name = Services;
			sourceTree = "<group>";
		};
		BE3633E015DBE13B00D81B35 /* NavigationControllers */ = {
			isa = PBXGroup;
			children = (
				B1E9298815D7C31400CF1574 /* TabBarController.h */,
				B1E9298915D7C31400CF1574 /* TabBarController.m */,
				B10BFDBD15CECBA30070FA11 /* SegmentedTrackViewController.h */,
				B10BFDBE15CECBA40070FA11 /* SegmentedTrackViewController.m */,
			);
			name = NavigationControllers;
			sourceTree = "<group>";
		};
/* End PBXGroup section */

/* Begin PBXNativeTarget section */
		B12D4BB915B1CCA6001490B3 /* LocationTest */ = {
			isa = PBXNativeTarget;
			buildConfigurationList = B12D4BE615B1CCA6001490B3 /* Build configuration list for PBXNativeTarget "LocationTest" */;
			buildPhases = (
				B12D4BB615B1CCA6001490B3 /* Sources */,
				B12D4BB715B1CCA6001490B3 /* Frameworks */,
				B12D4BB815B1CCA6001490B3 /* Resources */,
			);
			buildRules = (
			);
			dependencies = (
				B1A59B23160FA041000FFD92 /* PBXTargetDependency */,
				B1904FF915FD2D2500B225E2 /* PBXTargetDependency */,
			);
			name = LocationTest;
			productName = LocationTest;
			productReference = B12D4BBA15B1CCA6001490B3 /* LocationTest.app */;
			productType = "com.apple.product-type.application";
		};
/* End PBXNativeTarget section */

/* Begin PBXProject section */
		B12D4BB115B1CCA6001490B3 /* Project object */ = {
			isa = PBXProject;
			attributes = {
				LastUpgradeCheck = 0430;
				ORGANIZATIONNAME = SinnerSchrader;
			};
			buildConfigurationList = B12D4BB415B1CCA6001490B3 /* Build configuration list for PBXProject "LocationTest" */;
			compatibilityVersion = "Xcode 3.2";
			developmentRegion = English;
			hasScannedForEncodings = 0;
			knownRegions = (
				en,
				de,
			);
			mainGroup = B12D4BAF15B1CCA6001490B3;
			productRefGroup = B12D4BBB15B1CCA6001490B3 /* Products */;
			projectDirPath = "";
			projectReferences = (
				{
					ProductGroup = B1904FE315FD25CE00B225E2 /* Products */;
					ProjectRef = B1904FE215FD25CE00B225E2 /* RestKit.xcodeproj */;
				},
				{
					ProductGroup = B1A59B11160F9BF9000FFD92 /* Products */;
					ProjectRef = B1A59B10160F9BF9000FFD92 /* TBXML.xcodeproj */;
				},
			);
			projectRoot = "";
			targets = (
				B12D4BB915B1CCA6001490B3 /* LocationTest */,
			);
		};
/* End PBXProject section */

/* Begin PBXReferenceProxy section */
		B1904FEE15FD25CE00B225E2 /* libRestKit.a */ = {
			isa = PBXReferenceProxy;
			fileType = archive.ar;
			path = libRestKit.a;
			remoteRef = B1904FED15FD25CE00B225E2 /* PBXContainerItemProxy */;
			sourceTree = BUILT_PRODUCTS_DIR;
		};
		B1904FF015FD25CE00B225E2 /* RestKitTests.octest */ = {
			isa = PBXReferenceProxy;
			fileType = wrapper.cfbundle;
			path = RestKitTests.octest;
			remoteRef = B1904FEF15FD25CE00B225E2 /* PBXContainerItemProxy */;
			sourceTree = BUILT_PRODUCTS_DIR;
		};
		B1904FF215FD25CE00B225E2 /* RestKit.framework */ = {
			isa = PBXReferenceProxy;
			fileType = wrapper.framework;
			path = RestKit.framework;
			remoteRef = B1904FF115FD25CE00B225E2 /* PBXContainerItemProxy */;
			sourceTree = BUILT_PRODUCTS_DIR;
		};
		B1904FF415FD25CE00B225E2 /* RestKitFrameworkTests.octest */ = {
			isa = PBXReferenceProxy;
			fileType = wrapper.cfbundle;
			path = RestKitFrameworkTests.octest;
			remoteRef = B1904FF315FD25CE00B225E2 /* PBXContainerItemProxy */;
			sourceTree = BUILT_PRODUCTS_DIR;
		};
		B1904FF615FD25CE00B225E2 /* RestKitResources.bundle */ = {
			isa = PBXReferenceProxy;
			fileType = wrapper.cfbundle;
			path = RestKitResources.bundle;
			remoteRef = B1904FF515FD25CE00B225E2 /* PBXContainerItemProxy */;
			sourceTree = BUILT_PRODUCTS_DIR;
		};
		B1A59B1B160F9BFA000FFD92 /* libTBXML.a */ = {
			isa = PBXReferenceProxy;
			fileType = archive.ar;
			path = libTBXML.a;
			remoteRef = B1A59B1A160F9BFA000FFD92 /* PBXContainerItemProxy */;
			sourceTree = BUILT_PRODUCTS_DIR;
		};
		B1A59B1D160F9BFA000FFD92 /* TBXMLTests.octest */ = {
			isa = PBXReferenceProxy;
			fileType = wrapper.cfbundle;
			path = TBXMLTests.octest;
			remoteRef = B1A59B1C160F9BFA000FFD92 /* PBXContainerItemProxy */;
			sourceTree = BUILT_PRODUCTS_DIR;
		};
		B1A59B1F160F9BFA000FFD92 /* libTBXML-iOS.a */ = {
			isa = PBXReferenceProxy;
			fileType = archive.ar;
			path = "libTBXML-iOS.a";
			remoteRef = B1A59B1E160F9BFA000FFD92 /* PBXContainerItemProxy */;
			sourceTree = BUILT_PRODUCTS_DIR;
		};
		B1A59B21160F9BFA000FFD92 /* TBXML-iOSTests.octest */ = {
			isa = PBXReferenceProxy;
			fileType = wrapper.cfbundle;
			path = "TBXML-iOSTests.octest";
			remoteRef = B1A59B20160F9BFA000FFD92 /* PBXContainerItemProxy */;
			sourceTree = BUILT_PRODUCTS_DIR;
		};
/* End PBXReferenceProxy section */

/* Begin PBXResourcesBuildPhase section */
		B12D4BB815B1CCA6001490B3 /* Resources */ = {
			isa = PBXResourcesBuildPhase;
			buildActionMask = 2147483647;
			files = (
				B12D4BC915B1CCA6001490B3 /* InfoPlist.strings in Resources */,
				B12D4BD215B1CCA6001490B3 /* iPhone.storyboard in Resources */,
				B12D4BD515B1CCA6001490B3 /* MainStoryboard_iPad.storyboard in Resources */,
				B12D4BDA15B1CCA6001490B3 /* first.png in Resources */,
				B12D4BDC15B1CCA6001490B3 /* first@2x.png in Resources */,
				B12D4BE115B1CCA6001490B3 /* second.png in Resources */,
				B12D4BE315B1CCA6001490B3 /* second@2x.png in Resources */,
				B16A047215B20FC1005B372D /* Localizable.strings in Resources */,
				B1976E6615C9CB8D008BCDCF /* mapThumbnail.png in Resources */,
				B1976E6715C9CB8D008BCDCF /* mapThumbnail@2x.png in Resources */,
				B1A0225D15CD65500054C2D7 /* Cyclemeter-Cycle-20120701-0953.gpx in Resources */,
				B1E9298315D7B74000CF1574 /* gpxFile.png in Resources */,
				B1E9298415D7B74000CF1574 /* gpxFile@2x.png in Resources */,
				B187CEE01607AF33008F6236 /* Default-568h@2x.png in Resources */,
				B174D6831617AA480098B433 /* userLocation.png in Resources */,
				B174D6841617AA480098B433 /* userLocation@2x.png in Resources */,
			);
			runOnlyForDeploymentPostprocessing = 0;
		};
/* End PBXResourcesBuildPhase section */

/* Begin PBXSourcesBuildPhase section */
		B12D4BB615B1CCA6001490B3 /* Sources */ = {
			isa = PBXSourcesBuildPhase;
			buildActionMask = 2147483647;
			files = (
				B12D4BCB15B1CCA6001490B3 /* main.m in Sources */,
				B12D4BCF15B1CCA6001490B3 /* AppDelegate.m in Sources */,
				B12D4BD815B1CCA6001490B3 /* RecordViewController.m in Sources */,
				B12D4BDF15B1CCA6001490B3 /* RawDataViewController.m in Sources */,
				B16A048115B2B7FD005B372D /* TrackingManager.m in Sources */,
				B16A048C15B2FB30005B372D /* CLLocation+Strings.m in Sources */,
				B16A049715B32101005B372D /* NSDate+Strings.m in Sources */,
				B16A049B15B343F6005B372D /* MapViewController.m in Sources */,
				B16A04A215B34639005B372D /* WaypointAnnotation.m in Sources */,
				B16A04A615B36311005B372D /* TrackOverlayView.m in Sources */,
				B1FB1B0D15BC0F3600B51E16 /* Model.xcdatamodeld in Sources */,
				B1FB1B7415BC66D300B51E16 /* Waypoint+Create.m in Sources */,
				B1FB1B7715BC680800B51E16 /* Segment+Create.m in Sources */,
				B17D39D915BDD86800F28FA8 /* TrackTableViewController.m in Sources */,
				B17D39E115BDDAF900F28FA8 /* CoreDataTableViewController.m in Sources */,
				B17D39E415BDDD6A00F28FA8 /* Track+Create.m in Sources */,
				B17D39EA15BDE83500F28FA8 /* TrackViewController.m in Sources */,
				B17D39ED15BDECE300F28FA8 /* Track+Data.m in Sources */,
				B1CDFB3415C5B90200D5D3B7 /* Waypoint+Strings.m in Sources */,
				B1976E4815C9B1E7008BCDCF /* GoogleStaticMapsFetcher.m in Sources */,
				B1976E6A15CC201C008BCDCF /* FileHelper.m in Sources */,
				B1A0225715CD4EC80054C2D7 /* GPXParser.m in Sources */,
				B10BFDA315CDBF7A0070FA11 /* Track.m in Sources */,
				B10BFDA715CDBF7A0070FA11 /* Segment.m in Sources */,
				B10BFDAA15CDBF7A0070FA11 /* Waypoint.m in Sources */,
				B10BFDB315CDC04C0070FA11 /* Activity+Create.m in Sources */,
				B10BFDB615CE91B70070FA11 /* NSURL+FileHelper.m in Sources */,
				B10BFDBC15CE9C250070FA11 /* Route.m in Sources */,
				B10BFDBF15CECBA40070FA11 /* SegmentedTrackViewController.m in Sources */,
				B10BFDC215CECF100070FA11 /* ActivityTableViewController.m in Sources */,
				B10BFDC515CECF300070FA11 /* RouteTableViewController.m in Sources */,
				B1E9298715D7B87D00CF1574 /* ImportViewController.m in Sources */,
				B1E9298A15D7C31500CF1574 /* TabBarController.m in Sources */,
				B1E5A46D160909C9003443C3 /* Activity.m in Sources */,
				B13BCC3A160E3B7A001E7486 /* WildcardGestureRecognizer.m in Sources */,
				B1A59B01160F6165000FFD92 /* Segment+Data.m in Sources */,
				B1A59B04160F6E22000FFD92 /* MultiPolyline.m in Sources */,
				B1B4DBDF1617715800579B90 /* UserLocationAnnotation.m in Sources */,
			);
			runOnlyForDeploymentPostprocessing = 0;
		};
/* End PBXSourcesBuildPhase section */

/* Begin PBXTargetDependency section */
		B1904FF915FD2D2500B225E2 /* PBXTargetDependency */ = {
			isa = PBXTargetDependency;
			name = RestKit;
			targetProxy = B1904FF815FD2D2500B225E2 /* PBXContainerItemProxy */;
		};
		B1A59B23160FA041000FFD92 /* PBXTargetDependency */ = {
			isa = PBXTargetDependency;
			name = "TBXML-iOS";
			targetProxy = B1A59B22160FA041000FFD92 /* PBXContainerItemProxy */;
		};
/* End PBXTargetDependency section */

/* Begin PBXVariantGroup section */
		B12D4BC715B1CCA6001490B3 /* InfoPlist.strings */ = {
			isa = PBXVariantGroup;
			children = (
				B12D4BC815B1CCA6001490B3 /* en */,
				BE84756815B41E4B006E967A /* de */,
			);
			name = InfoPlist.strings;
			sourceTree = "<group>";
		};
		B12D4BD015B1CCA6001490B3 /* iPhone.storyboard */ = {
			isa = PBXVariantGroup;
			children = (
				B16A04A315B35784005B372D /* de */,
			);
			name = iPhone.storyboard;
			sourceTree = "<group>";
		};
		B12D4BD315B1CCA6001490B3 /* MainStoryboard_iPad.storyboard */ = {
			isa = PBXVariantGroup;
			children = (
			);
			name = MainStoryboard_iPad.storyboard;
			path = /Users/hendrik/Entwicklung/iOS/LocationTest/LocationTest;
			sourceTree = "<absolute>";
		};
		B16A046F15B20FC1005B372D /* Localizable.strings */ = {
			isa = PBXVariantGroup;
			children = (
				B16A047015B20FC1005B372D /* de */,
				B16A047115B20FC1005B372D /* en */,
			);
			name = Localizable.strings;
			sourceTree = "<group>";
		};
/* End PBXVariantGroup section */

/* Begin XCBuildConfiguration section */
		B12D4BE415B1CCA6001490B3 /* Debug */ = {
			isa = XCBuildConfiguration;
			buildSettings = {
				ALWAYS_SEARCH_USER_PATHS = NO;
				ARCHS = "$(ARCHS_STANDARD_32_BIT)";
				CLANG_ENABLE_OBJC_ARC = YES;
				"CODE_SIGN_IDENTITY[sdk=iphoneos*]" = "iPhone Developer";
				COPY_PHASE_STRIP = NO;
				GCC_C_LANGUAGE_STANDARD = gnu99;
				GCC_DYNAMIC_NO_PIC = NO;
				GCC_OPTIMIZATION_LEVEL = 0;
				GCC_PREPROCESSOR_DEFINITIONS = (
					"DEBUG=1",
					"$(inherited)",
				);
				GCC_SYMBOLS_PRIVATE_EXTERN = NO;
				GCC_VERSION = com.apple.compilers.llvm.clang.1_0;
				GCC_WARN_ABOUT_RETURN_TYPE = YES;
				GCC_WARN_UNINITIALIZED_AUTOS = YES;
				GCC_WARN_UNUSED_VARIABLE = YES;
				HEADER_SEARCH_PATHS = "";
				IPHONEOS_DEPLOYMENT_TARGET = 5.1;
				OTHER_LDFLAGS = (
					"-lstdc++",
					"-all_load",
				);
				SDKROOT = iphoneos;
				TARGETED_DEVICE_FAMILY = 1;
				VALID_ARCHS = armv7;
			};
			name = Debug;
		};
		B12D4BE515B1CCA6001490B3 /* Release */ = {
			isa = XCBuildConfiguration;
			buildSettings = {
				ALWAYS_SEARCH_USER_PATHS = NO;
				ARCHS = "$(ARCHS_STANDARD_32_BIT)";
				CLANG_ENABLE_OBJC_ARC = YES;
				"CODE_SIGN_IDENTITY[sdk=iphoneos*]" = "iPhone Developer";
				COPY_PHASE_STRIP = YES;
				GCC_C_LANGUAGE_STANDARD = gnu99;
				GCC_VERSION = com.apple.compilers.llvm.clang.1_0;
				GCC_WARN_ABOUT_RETURN_TYPE = YES;
				GCC_WARN_UNINITIALIZED_AUTOS = YES;
				GCC_WARN_UNUSED_VARIABLE = YES;
				HEADER_SEARCH_PATHS = "";
				IPHONEOS_DEPLOYMENT_TARGET = 5.1;
				OTHER_CFLAGS = "-DNS_BLOCK_ASSERTIONS=1";
				OTHER_LDFLAGS = (
					"-lstdc++",
					"-all_load",
				);
				SDKROOT = iphoneos;
				TARGETED_DEVICE_FAMILY = 1;
				VALIDATE_PRODUCT = YES;
				VALID_ARCHS = armv7;
			};
			name = Release;
		};
		B12D4BE715B1CCA6001490B3 /* Debug */ = {
			isa = XCBuildConfiguration;
			buildSettings = {
				FRAMEWORK_SEARCH_PATHS = (
					"$(inherited)",
					"\"$(SRCROOT)/../wf_api_2.2.3/dependencies\"",
				);
				GCC_PRECOMPILE_PREFIX_HEADER = YES;
				GCC_PREFIX_HEADER = "LocationTest/LocationTest-Prefix.pch";
				HEADER_SEARCH_PATHS = (
					"\"$(BUILT_PRODUCTS_DIR)/../../Headers\"",
					"TBXML/**",
				);
				INFOPLIST_FILE = "LocationTest/LocationTest-Info.plist";
				IPHONEOS_DEPLOYMENT_TARGET = 5.1;
				OTHER_LDFLAGS = (
					"-lstdc++",
					"-all_load",
					"-ObjC",
				);
				PRODUCT_NAME = "$(TARGET_NAME)";
				TARGETED_DEVICE_FAMILY = 1;
				WRAPPER_EXTENSION = app;
			};
			name = Debug;
		};
		B12D4BE815B1CCA6001490B3 /* Release */ = {
			isa = XCBuildConfiguration;
			buildSettings = {
				FRAMEWORK_SEARCH_PATHS = (
					"$(inherited)",
					"\"$(SRCROOT)/../wf_api_2.2.3/dependencies\"",
				);
				GCC_PRECOMPILE_PREFIX_HEADER = YES;
				GCC_PREFIX_HEADER = "LocationTest/LocationTest-Prefix.pch";
				HEADER_SEARCH_PATHS = (
					"\"$(BUILT_PRODUCTS_DIR)/../../Headers\"",
					"TBXML/**",
				);
				INFOPLIST_FILE = "LocationTest/LocationTest-Info.plist";
				IPHONEOS_DEPLOYMENT_TARGET = 5.1;
				OTHER_LDFLAGS = (
					"-lstdc++",
					"-all_load",
					"-ObjC",
				);
				PRODUCT_NAME = "$(TARGET_NAME)";
				TARGETED_DEVICE_FAMILY = 1;
				WRAPPER_EXTENSION = app;
			};
			name = Release;
		};
/* End XCBuildConfiguration section */

/* Begin XCConfigurationList section */
		B12D4BB415B1CCA6001490B3 /* Build configuration list for PBXProject "LocationTest" */ = {
			isa = XCConfigurationList;
			buildConfigurations = (
				B12D4BE415B1CCA6001490B3 /* Debug */,
				B12D4BE515B1CCA6001490B3 /* Release */,
			);
			defaultConfigurationIsVisible = 0;
			defaultConfigurationName = Release;
		};
		B12D4BE615B1CCA6001490B3 /* Build configuration list for PBXNativeTarget "LocationTest" */ = {
			isa = XCConfigurationList;
			buildConfigurations = (
				B12D4BE715B1CCA6001490B3 /* Debug */,
				B12D4BE815B1CCA6001490B3 /* Release */,
			);
			defaultConfigurationIsVisible = 0;
			defaultConfigurationName = Release;
		};
/* End XCConfigurationList section */

/* Begin XCVersionGroup section */
		B1FB1B0B15BC0F3600B51E16 /* Model.xcdatamodeld */ = {
			isa = XCVersionGroup;
			children = (
				B1FB1B0C15BC0F3600B51E16 /* Model.xcdatamodel */,
			);
			currentVersion = B1FB1B0C15BC0F3600B51E16 /* Model.xcdatamodel */;
			path = Model.xcdatamodeld;
			sourceTree = "<group>";
			versionGroupType = wrapper.xcdatamodel;
		};
/* End XCVersionGroup section */
	};
	rootObject = B12D4BB115B1CCA6001490B3 /* Project object */;
}
